// !$*UTF8*$!
{
	archiveVersion = 1;
	classes = {
	};
	objectVersion = 45;
	objects = {

/* Begin PBXAggregateTarget section */
		BFF7D4BA11417C480020F712 /* Disk Image */ = {
			isa = PBXAggregateTarget;
			buildConfigurationList = BFF7D4BF11417C7B0020F712 /* Build configuration list for PBXAggregateTarget "Disk Image" */;
			buildPhases = (
				BFF7D4D211417CF80020F712 /* CopyFiles */,
				BF1A5DD71141848F00F4875B /* Copy Helper Files */,
				BFF7D4B911417C480020F712 /* Make DMG */,
			);
			dependencies = (
				BFF7D4BE11417C5D0020F712 /* PBXTargetDependency */,
			);
			name = "Disk Image";
			productName = "Disk Image";
		};
/* End PBXAggregateTarget section */

/* Begin PBXBuildFile section */
		1DDD582C0DA1D0D100B32029 /* ImageBrowser.xib in Resources */ = {isa = PBXBuildFile; fileRef = 1DDD58280DA1D0D100B32029 /* ImageBrowser.xib */; };
		1DDD582D0DA1D0D100B32029 /* MainMenu.xib in Resources */ = {isa = PBXBuildFile; fileRef = 1DDD582A0DA1D0D100B32029 /* MainMenu.xib */; };
		8D15AC2F0486D014006FF6A4 /* InfoPlist.strings in Resources */ = {isa = PBXBuildFile; fileRef = 089C165FFE840EACC02AAC07 /* InfoPlist.strings */; };
		8D15AC310486D014006FF6A4 /* UCImageBrowser.m in Sources */ = {isa = PBXBuildFile; fileRef = 2A37F4ACFDCFA73011CA2CEA /* UCImageBrowser.m */; settings = {ATTRIBUTES = (); }; };
		8D15AC320486D014006FF6A4 /* main.m in Sources */ = {isa = PBXBuildFile; fileRef = 2A37F4B0FDCFA73011CA2CEA /* main.m */; settings = {ATTRIBUTES = (); }; };
		8D15AC340486D014006FF6A4 /* Cocoa.framework in Frameworks */ = {isa = PBXBuildFile; fileRef = 1058C7A7FEA54F5311CA2CBB /* Cocoa.framework */; };
		BF1A5DD9114184A200F4875B /* background.png in Copy Helper Files */ = {isa = PBXBuildFile; fileRef = BF1A5DD81141849A00F4875B /* background.png */; };
		BF313FF40FE138020052C2AF /* UCChainController.m in Sources */ = {isa = PBXBuildFile; fileRef = BF313FF30FE138020052C2AF /* UCChainController.m */; };
		BF313FFB0FE138C30052C2AF /* Preferences.xib in Resources */ = {isa = PBXBuildFile; fileRef = BF313FFA0FE138C30052C2AF /* Preferences.xib */; };
		BF3140000FE138EE0052C2AF /* UCPreferencesController.m in Sources */ = {isa = PBXBuildFile; fileRef = BF313FFF0FE138EE0052C2AF /* UCPreferencesController.m */; };
		BF3140160FE13CFC0052C2AF /* Inspector.xib in Resources */ = {isa = PBXBuildFile; fileRef = BF3140150FE13CFC0052C2AF /* Inspector.xib */; };
		BF31401B0FE13D100052C2AF /* UCInspector.m in Sources */ = {isa = PBXBuildFile; fileRef = BF31401A0FE13D100052C2AF /* UCInspector.m */; };
		BFBAA4291030161900D1AA40 /* UCFolderOperations.m in Sources */ = {isa = PBXBuildFile; fileRef = BFBAA4281030161900D1AA40 /* UCFolderOperations.m */; };
		BFBAA4D21030392E00D1AA40 /* FileOperations.xib in Resources */ = {isa = PBXBuildFile; fileRef = BFBAA4D11030392E00D1AA40 /* FileOperations.xib */; };
		BFD3E52D0FE19F9400D3E561 /* ChainFile.icns in Resources */ = {isa = PBXBuildFile; fileRef = BFD3E52C0FE19F9400D3E561 /* ChainFile.icns */; };
		BFD3E5350FE19FF000D3E561 /* Chain.icns in Resources */ = {isa = PBXBuildFile; fileRef = BFD3E5340FE19FF000D3E561 /* Chain.icns */; };
		BFD3E5D40FE1BD5700D3E561 /* UCFileBrowser.m in Sources */ = {isa = PBXBuildFile; fileRef = BFD3E5D30FE1BD5700D3E561 /* UCFileBrowser.m */; };
		BFD3E6000FE1C0C200D3E561 /* UCFileList.m in Sources */ = {isa = PBXBuildFile; fileRef = BFD3E5FF0FE1C0C200D3E561 /* UCFileList.m */; };
		BFF7D3F2114145F50020F712 /* Credits.rtf in Resources */ = {isa = PBXBuildFile; fileRef = BFF7D3F0114145F50020F712 /* Credits.rtf */; };
		BFF7D413114149CB0020F712 /* UCFileBrowserWindow.m in Sources */ = {isa = PBXBuildFile; fileRef = BFF7D412114149CB0020F712 /* UCFileBrowserWindow.m */; };
		BFF7D42811414C290020F712 /* UCImageBrowserWindow.m in Sources */ = {isa = PBXBuildFile; fileRef = BFF7D42711414C290020F712 /* UCImageBrowserWindow.m */; };
		BFF7D4D311417D450020F712 /* Chain.app in CopyFiles */ = {isa = PBXBuildFile; fileRef = 8D15AC370486D014006FF6A4 /* Chain.app */; };
		BFF7D4D411417D4E0020F712 /* Readme.pdf in CopyFiles */ = {isa = PBXBuildFile; fileRef = BFF7D4CD11417C9D0020F712 /* Readme.pdf */; };
		D00AA0AE0FE312CF0002685B /* UCTableView.m in Sources */ = {isa = PBXBuildFile; fileRef = D00AA0AD0FE312CF0002685B /* UCTableView.m */; };
/* End PBXBuildFile section */

/* Begin PBXContainerItemProxy section */
		BFF7D4BD11417C5D0020F712 /* PBXContainerItemProxy */ = {
			isa = PBXContainerItemProxy;
			containerPortal = 2A37F4A9FDCFA73011CA2CEA /* Project object */;
			proxyType = 1;
			remoteGlobalIDString = 8D15AC270486D014006FF6A4;
			remoteInfo = Chain;
		};
/* End PBXContainerItemProxy section */

/* Begin PBXCopyFilesBuildPhase section */
		BF1A5DD71141848F00F4875B /* Copy Helper Files */ = {
			isa = PBXCopyFilesBuildPhase;
			buildActionMask = 2147483647;
			dstPath = $DERIVED_FILES_DIR/dmg/.helper;
			dstSubfolderSpec = 0;
			files = (
				BF1A5DD9114184A200F4875B /* background.png in Copy Helper Files */,
			);
			name = "Copy Helper Files";
			runOnlyForDeploymentPostprocessing = 0;
		};
		BFF7D4D211417CF80020F712 /* CopyFiles */ = {
			isa = PBXCopyFilesBuildPhase;
			buildActionMask = 2147483647;
			dstPath = $DERIVED_FILES_DIR/dmg;
			dstSubfolderSpec = 0;
			files = (
				BFF7D4D311417D450020F712 /* Chain.app in CopyFiles */,
				BFF7D4D411417D4E0020F712 /* Readme.pdf in CopyFiles */,
			);
			runOnlyForDeploymentPostprocessing = 0;
		};
/* End PBXCopyFilesBuildPhase section */

/* Begin PBXFileReference section */
		089C1660FE840EACC02AAC07 /* English */ = {isa = PBXFileReference; fileEncoding = 10; lastKnownFileType = text.plist.strings; name = English; path = English.lproj/InfoPlist.strings; sourceTree = "<group>"; };
		1058C7A7FEA54F5311CA2CBB /* Cocoa.framework */ = {isa = PBXFileReference; lastKnownFileType = wrapper.framework; name = Cocoa.framework; path = /System/Library/Frameworks/Cocoa.framework; sourceTree = "<absolute>"; };
		1DDD58290DA1D0D100B32029 /* English */ = {isa = PBXFileReference; lastKnownFileType = file.xib; name = English; path = English.lproj/ImageBrowser.xib; sourceTree = "<group>"; };
		1DDD582B0DA1D0D100B32029 /* English */ = {isa = PBXFileReference; lastKnownFileType = file.xib; name = English; path = English.lproj/MainMenu.xib; sourceTree = "<group>"; };
		2A37F4ACFDCFA73011CA2CEA /* UCImageBrowser.m */ = {isa = PBXFileReference; fileEncoding = 4; lastKnownFileType = sourcecode.c.objc; path = UCImageBrowser.m; sourceTree = "<group>"; };
		2A37F4AEFDCFA73011CA2CEA /* UCImageBrowser.h */ = {isa = PBXFileReference; fileEncoding = 4; lastKnownFileType = sourcecode.c.h; path = UCImageBrowser.h; sourceTree = "<group>"; };
		2A37F4B0FDCFA73011CA2CEA /* main.m */ = {isa = PBXFileReference; fileEncoding = 4; lastKnownFileType = sourcecode.c.objc; path = main.m; sourceTree = "<group>"; };
		2A37F4C4FDCFA73011CA2CEA /* AppKit.framework */ = {isa = PBXFileReference; lastKnownFileType = wrapper.framework; name = AppKit.framework; path = /System/Library/Frameworks/AppKit.framework; sourceTree = "<absolute>"; };
		2A37F4C5FDCFA73011CA2CEA /* Foundation.framework */ = {isa = PBXFileReference; lastKnownFileType = wrapper.framework; name = Foundation.framework; path = /System/Library/Frameworks/Foundation.framework; sourceTree = "<absolute>"; };
		32DBCF750370BD2300C91783 /* Chain_Prefix.pch */ = {isa = PBXFileReference; fileEncoding = 4; lastKnownFileType = sourcecode.c.h; path = Chain_Prefix.pch; sourceTree = "<group>"; };
		8D15AC360486D014006FF6A4 /* Info.plist */ = {isa = PBXFileReference; fileEncoding = 4; lastKnownFileType = text.plist.xml; path = Info.plist; sourceTree = "<group>"; };
		8D15AC370486D014006FF6A4 /* Chain.app */ = {isa = PBXFileReference; explicitFileType = wrapper.application; includeInIndex = 0; path = Chain.app; sourceTree = BUILT_PRODUCTS_DIR; };
		BF1A5DD81141849A00F4875B /* background.png */ = {isa = PBXFileReference; lastKnownFileType = image.png; name = background.png; path = Product/UC/background.png; sourceTree = "<group>"; };
		BF313FF20FE138020052C2AF /* UCChainController.h */ = {isa = PBXFileReference; fileEncoding = 4; lastKnownFileType = sourcecode.c.h; path = UCChainController.h; sourceTree = "<group>"; };
		BF313FF30FE138020052C2AF /* UCChainController.m */ = {isa = PBXFileReference; fileEncoding = 4; lastKnownFileType = sourcecode.c.objc; path = UCChainController.m; sourceTree = "<group>"; };
		BF313FF70FE138B10052C2AF /* English */ = {isa = PBXFileReference; lastKnownFileType = file.xib; name = English; path = English.lproj/Preferences.xib; sourceTree = "<group>"; };
		BF313FFE0FE138EE0052C2AF /* UCPreferencesController.h */ = {isa = PBXFileReference; fileEncoding = 4; lastKnownFileType = sourcecode.c.h; path = UCPreferencesController.h; sourceTree = "<group>"; };
		BF313FFF0FE138EE0052C2AF /* UCPreferencesController.m */ = {isa = PBXFileReference; fileEncoding = 4; lastKnownFileType = sourcecode.c.objc; path = UCPreferencesController.m; sourceTree = "<group>"; };
		BF3140130FE13CF80052C2AF /* English */ = {isa = PBXFileReference; lastKnownFileType = file.xib; name = English; path = English.lproj/Inspector.xib; sourceTree = "<group>"; };
		BF3140190FE13D100052C2AF /* UCInspector.h */ = {isa = PBXFileReference; fileEncoding = 4; lastKnownFileType = sourcecode.c.h; path = UCInspector.h; sourceTree = "<group>"; };
		BF31401A0FE13D100052C2AF /* UCInspector.m */ = {isa = PBXFileReference; fileEncoding = 4; lastKnownFileType = sourcecode.c.objc; path = UCInspector.m; sourceTree = "<group>"; };
		BFBAA4271030161900D1AA40 /* UCFolderOperations.h */ = {isa = PBXFileReference; fileEncoding = 4; lastKnownFileType = sourcecode.c.h; path = UCFolderOperations.h; sourceTree = "<group>"; };
		BFBAA4281030161900D1AA40 /* UCFolderOperations.m */ = {isa = PBXFileReference; fileEncoding = 4; lastKnownFileType = sourcecode.c.objc; path = UCFolderOperations.m; sourceTree = "<group>"; };
		BFBAA4CF1030392700D1AA40 /* English */ = {isa = PBXFileReference; lastKnownFileType = file.xib; name = English; path = English.lproj/FileOperations.xib; sourceTree = "<group>"; };
		BFD3E52C0FE19F9400D3E561 /* ChainFile.icns */ = {isa = PBXFileReference; lastKnownFileType = image.icns; path = ChainFile.icns; sourceTree = "<group>"; };
		BFD3E5340FE19FF000D3E561 /* Chain.icns */ = {isa = PBXFileReference; lastKnownFileType = image.icns; path = Chain.icns; sourceTree = "<group>"; };
		BFD3E5D20FE1BD5700D3E561 /* UCFileBrowser.h */ = {isa = PBXFileReference; fileEncoding = 4; lastKnownFileType = sourcecode.c.h; path = UCFileBrowser.h; sourceTree = "<group>"; };
		BFD3E5D30FE1BD5700D3E561 /* UCFileBrowser.m */ = {isa = PBXFileReference; fileEncoding = 4; lastKnownFileType = sourcecode.c.objc; path = UCFileBrowser.m; sourceTree = "<group>"; };
		BFD3E5FE0FE1C0C200D3E561 /* UCFileList.h */ = {isa = PBXFileReference; fileEncoding = 4; lastKnownFileType = sourcecode.c.h; path = UCFileList.h; sourceTree = "<group>"; };
		BFD3E5FF0FE1C0C200D3E561 /* UCFileList.m */ = {isa = PBXFileReference; fileEncoding = 4; lastKnownFileType = sourcecode.c.objc; path = UCFileList.m; sourceTree = "<group>"; };
		BFF7D3F1114145F50020F712 /* English */ = {isa = PBXFileReference; lastKnownFileType = text.rtf; name = English; path = English.lproj/Credits.rtf; sourceTree = "<group>"; };
		BFF7D411114149CB0020F712 /* UCFileBrowserWindow.h */ = {isa = PBXFileReference; fileEncoding = 4; lastKnownFileType = sourcecode.c.h; path = UCFileBrowserWindow.h; sourceTree = "<group>"; };
		BFF7D412114149CB0020F712 /* UCFileBrowserWindow.m */ = {isa = PBXFileReference; fileEncoding = 4; lastKnownFileType = sourcecode.c.objc; path = UCFileBrowserWindow.m; sourceTree = "<group>"; };
		BFF7D42611414C290020F712 /* UCImageBrowserWindow.h */ = {isa = PBXFileReference; fileEncoding = 4; lastKnownFileType = sourcecode.c.h; path = UCImageBrowserWindow.h; sourceTree = "<group>"; };
		BFF7D42711414C290020F712 /* UCImageBrowserWindow.m */ = {isa = PBXFileReference; fileEncoding = 4; lastKnownFileType = sourcecode.c.objc; path = UCImageBrowserWindow.m; sourceTree = "<group>"; };
		BFF7D4CD11417C9D0020F712 /* Readme.pdf */ = {isa = PBXFileReference; lastKnownFileType = image.pdf; name = Readme.pdf; path = Product/Readme.pdf; sourceTree = "<group>"; };
		D00AA0AC0FE312CF0002685B /* UCTableView.h */ = {isa = PBXFileReference; fileEncoding = 4; lastKnownFileType = sourcecode.c.h; path = UCTableView.h; sourceTree = "<group>"; };
		D00AA0AD0FE312CF0002685B /* UCTableView.m */ = {isa = PBXFileReference; fileEncoding = 4; lastKnownFileType = sourcecode.c.objc; path = UCTableView.m; sourceTree = "<group>"; };
/* End PBXFileReference section */

/* Begin PBXFrameworksBuildPhase section */
		8D15AC330486D014006FF6A4 /* Frameworks */ = {
			isa = PBXFrameworksBuildPhase;
			buildActionMask = 2147483647;
			files = (
				8D15AC340486D014006FF6A4 /* Cocoa.framework in Frameworks */,
			);
			runOnlyForDeploymentPostprocessing = 0;
		};
/* End PBXFrameworksBuildPhase section */

/* Begin PBXGroup section */
		1058C7A6FEA54F5311CA2CBB /* Linked Frameworks */ = {
			isa = PBXGroup;
			children = (
				1058C7A7FEA54F5311CA2CBB /* Cocoa.framework */,
			);
			name = "Linked Frameworks";
			sourceTree = "<group>";
		};
		1058C7A8FEA54F5311CA2CBB /* Other Frameworks */ = {
			isa = PBXGroup;
			children = (
				2A37F4C4FDCFA73011CA2CEA /* AppKit.framework */,
				2A37F4C5FDCFA73011CA2CEA /* Foundation.framework */,
			);
			name = "Other Frameworks";
			sourceTree = "<group>";
		};
		19C28FB0FE9D524F11CA2CBB /* Products */ = {
			isa = PBXGroup;
			children = (
				8D15AC370486D014006FF6A4 /* Chain.app */,
			);
			name = Products;
			sourceTree = "<group>";
		};
		2A37F4AAFDCFA73011CA2CEA /* Chain */ = {
			isa = PBXGroup;
			children = (
				2A37F4ABFDCFA73011CA2CEA /* Classes */,
				2A37F4AFFDCFA73011CA2CEA /* Other Sources */,
				2A37F4B8FDCFA73011CA2CEA /* Resources */,
				2A37F4C3FDCFA73011CA2CEA /* Frameworks */,
				19C28FB0FE9D524F11CA2CBB /* Products */,
			);
			name = Chain;
			sourceTree = "<group>";
		};
		2A37F4ABFDCFA73011CA2CEA /* Classes */ = {
			isa = PBXGroup;
			children = (
				BFF7D42611414C290020F712 /* UCImageBrowserWindow.h */,
				BFF7D42711414C290020F712 /* UCImageBrowserWindow.m */,
				BFF7D411114149CB0020F712 /* UCFileBrowserWindow.h */,
				BFF7D412114149CB0020F712 /* UCFileBrowserWindow.m */,
				BFBAA4271030161900D1AA40 /* UCFolderOperations.h */,
				BFBAA4281030161900D1AA40 /* UCFolderOperations.m */,
				D00AA0B00FE3138E0002685B /* View Subclasses */,
				BFD3E5FE0FE1C0C200D3E561 /* UCFileList.h */,
				BFD3E5FF0FE1C0C200D3E561 /* UCFileList.m */,
				BFD3E5D20FE1BD5700D3E561 /* UCFileBrowser.h */,
				BFD3E5D30FE1BD5700D3E561 /* UCFileBrowser.m */,
				2A37F4AEFDCFA73011CA2CEA /* UCImageBrowser.h */,
				2A37F4ACFDCFA73011CA2CEA /* UCImageBrowser.m */,
				BF313FFE0FE138EE0052C2AF /* UCPreferencesController.h */,
				BF313FFF0FE138EE0052C2AF /* UCPreferencesController.m */,
				BF313FF20FE138020052C2AF /* UCChainController.h */,
				BF313FF30FE138020052C2AF /* UCChainController.m */,
				BF3140190FE13D100052C2AF /* UCInspector.h */,
				BF31401A0FE13D100052C2AF /* UCInspector.m */,
			);
			name = Classes;
			sourceTree = "<group>";
		};
		2A37F4AFFDCFA73011CA2CEA /* Other Sources */ = {
			isa = PBXGroup;
			children = (
				32DBCF750370BD2300C91783 /* Chain_Prefix.pch */,
				2A37F4B0FDCFA73011CA2CEA /* main.m */,
			);
			name = "Other Sources";
			sourceTree = "<group>";
		};
		2A37F4B8FDCFA73011CA2CEA /* Resources */ = {
			isa = PBXGroup;
			children = (
				BF1A5DD81141849A00F4875B /* background.png */,
				BFF7D4CD11417C9D0020F712 /* Readme.pdf */,
				BFF7D3F0114145F50020F712 /* Credits.rtf */,
				BFD3E5340FE19FF000D3E561 /* Chain.icns */,
				BFD3E52C0FE19F9400D3E561 /* ChainFile.icns */,
				BF313FFA0FE138C30052C2AF /* Preferences.xib */,
				8D15AC360486D014006FF6A4 /* Info.plist */,
				089C165FFE840EACC02AAC07 /* InfoPlist.strings */,
				1DDD58280DA1D0D100B32029 /* ImageBrowser.xib */,
				1DDD582A0DA1D0D100B32029 /* MainMenu.xib */,
				BF3140150FE13CFC0052C2AF /* Inspector.xib */,
				BFBAA4D11030392E00D1AA40 /* FileOperations.xib */,
			);
			name = Resources;
			sourceTree = "<group>";
		};
		2A37F4C3FDCFA73011CA2CEA /* Frameworks */ = {
			isa = PBXGroup;
			children = (
				1058C7A6FEA54F5311CA2CBB /* Linked Frameworks */,
				1058C7A8FEA54F5311CA2CBB /* Other Frameworks */,
			);
			name = Frameworks;
			sourceTree = "<group>";
		};
		D00AA0B00FE3138E0002685B /* View Subclasses */ = {
			isa = PBXGroup;
			children = (
				D00AA0AC0FE312CF0002685B /* UCTableView.h */,
				D00AA0AD0FE312CF0002685B /* UCTableView.m */,
			);
			name = "View Subclasses";
			sourceTree = "<group>";
		};
/* End PBXGroup section */

/* Begin PBXNativeTarget section */
		8D15AC270486D014006FF6A4 /* Chain */ = {
			isa = PBXNativeTarget;
			buildConfigurationList = C05733C708A9546B00998B17 /* Build configuration list for PBXNativeTarget "Chain" */;
			buildPhases = (
				8D15AC2B0486D014006FF6A4 /* Resources */,
				8D15AC300486D014006FF6A4 /* Sources */,
				8D15AC330486D014006FF6A4 /* Frameworks */,
			);
			buildRules = (
			);
			dependencies = (
			);
			name = Chain;
			productInstallPath = "$(HOME)/Applications";
			productName = Chain;
			productReference = 8D15AC370486D014006FF6A4 /* Chain.app */;
			productType = "com.apple.product-type.application";
		};
/* End PBXNativeTarget section */

/* Begin PBXProject section */
		2A37F4A9FDCFA73011CA2CEA /* Project object */ = {
			isa = PBXProject;
			attributes = {
				ORGANIZATIONNAME = "Useless Coding";
			};
			buildConfigurationList = C05733CB08A9546B00998B17 /* Build configuration list for PBXProject "Chain" */;
			compatibilityVersion = "Xcode 3.1";
			hasScannedForEncodings = 1;
			mainGroup = 2A37F4AAFDCFA73011CA2CEA /* Chain */;
			projectDirPath = "";
			projectRoot = "";
			targets = (
				8D15AC270486D014006FF6A4 /* Chain */,
				BFF7D4BA11417C480020F712 /* Disk Image */,
			);
		};
/* End PBXProject section */

/* Begin PBXResourcesBuildPhase section */
		8D15AC2B0486D014006FF6A4 /* Resources */ = {
			isa = PBXResourcesBuildPhase;
			buildActionMask = 2147483647;
			files = (
				8D15AC2F0486D014006FF6A4 /* InfoPlist.strings in Resources */,
				1DDD582C0DA1D0D100B32029 /* ImageBrowser.xib in Resources */,
				1DDD582D0DA1D0D100B32029 /* MainMenu.xib in Resources */,
				BF313FFB0FE138C30052C2AF /* Preferences.xib in Resources */,
				BF3140160FE13CFC0052C2AF /* Inspector.xib in Resources */,
				BFD3E52D0FE19F9400D3E561 /* ChainFile.icns in Resources */,
				BFD3E5350FE19FF000D3E561 /* Chain.icns in Resources */,
				BFBAA4D21030392E00D1AA40 /* FileOperations.xib in Resources */,
				BFF7D3F2114145F50020F712 /* Credits.rtf in Resources */,
			);
			runOnlyForDeploymentPostprocessing = 0;
		};
/* End PBXResourcesBuildPhase section */

/* Begin PBXShellScriptBuildPhase section */
		BFF7D4B911417C480020F712 /* Make DMG */ = {
			isa = PBXShellScriptBuildPhase;
			buildActionMask = 2147483647;
			files = (
			);
			inputPaths = (
			);
			name = "Make DMG";
			outputPaths = (
			);
			runOnlyForDeploymentPostprocessing = 0;
			shellPath = /bin/sh;
			shellScript = "if [ -f $PROJECT_DIR/Product/UC/DMG.sh ]; then\n/bin/sh -c $PROJECT_DIR/Product/UC/DMG.sh\nfi\n";
			showEnvVarsInLog = 0;
		};
/* End PBXShellScriptBuildPhase section */

/* Begin PBXSourcesBuildPhase section */
		8D15AC300486D014006FF6A4 /* Sources */ = {
			isa = PBXSourcesBuildPhase;
			buildActionMask = 2147483647;
			files = (
				8D15AC310486D014006FF6A4 /* UCImageBrowser.m in Sources */,
				8D15AC320486D014006FF6A4 /* main.m in Sources */,
				BF313FF40FE138020052C2AF /* UCChainController.m in Sources */,
				BF3140000FE138EE0052C2AF /* UCPreferencesController.m in Sources */,
				BF31401B0FE13D100052C2AF /* UCInspector.m in Sources */,
				BFD3E5D40FE1BD5700D3E561 /* UCFileBrowser.m in Sources */,
				BFD3E6000FE1C0C200D3E561 /* UCFileList.m in Sources */,
				D00AA0AE0FE312CF0002685B /* UCTableView.m in Sources */,
				BFBAA4291030161900D1AA40 /* UCFolderOperations.m in Sources */,
				BFF7D413114149CB0020F712 /* UCFileBrowserWindow.m in Sources */,
				BFF7D42811414C290020F712 /* UCImageBrowserWindow.m in Sources */,
			);
			runOnlyForDeploymentPostprocessing = 0;
		};
/* End PBXSourcesBuildPhase section */

/* Begin PBXTargetDependency section */
		BFF7D4BE11417C5D0020F712 /* PBXTargetDependency */ = {
			isa = PBXTargetDependency;
			target = 8D15AC270486D014006FF6A4 /* Chain */;
			targetProxy = BFF7D4BD11417C5D0020F712 /* PBXContainerItemProxy */;
		};
/* End PBXTargetDependency section */

/* Begin PBXVariantGroup section */
		089C165FFE840EACC02AAC07 /* InfoPlist.strings */ = {
			isa = PBXVariantGroup;
			children = (
				089C1660FE840EACC02AAC07 /* English */,
			);
			name = InfoPlist.strings;
			sourceTree = "<group>";
		};
		1DDD58280DA1D0D100B32029 /* ImageBrowser.xib */ = {
			isa = PBXVariantGroup;
			children = (
				1DDD58290DA1D0D100B32029 /* English */,
			);
			name = ImageBrowser.xib;
			sourceTree = "<group>";
		};
		1DDD582A0DA1D0D100B32029 /* MainMenu.xib */ = {
			isa = PBXVariantGroup;
			children = (
				1DDD582B0DA1D0D100B32029 /* English */,
			);
			name = MainMenu.xib;
			sourceTree = "<group>";
		};
		BF313FFA0FE138C30052C2AF /* Preferences.xib */ = {
			isa = PBXVariantGroup;
			children = (
				BF313FF70FE138B10052C2AF /* English */,
			);
			name = Preferences.xib;
			sourceTree = "<group>";
		};
		BF3140150FE13CFC0052C2AF /* Inspector.xib */ = {
			isa = PBXVariantGroup;
			children = (
				BF3140130FE13CF80052C2AF /* English */,
			);
			name = Inspector.xib;
			sourceTree = "<group>";
		};
		BFBAA4D11030392E00D1AA40 /* FileOperations.xib */ = {
			isa = PBXVariantGroup;
			children = (
				BFBAA4CF1030392700D1AA40 /* English */,
			);
			name = FileOperations.xib;
			sourceTree = "<group>";
		};
		BFF7D3F0114145F50020F712 /* Credits.rtf */ = {
			isa = PBXVariantGroup;
			children = (
				BFF7D3F1114145F50020F712 /* English */,
			);
			name = Credits.rtf;
			sourceTree = "<group>";
		};
/* End PBXVariantGroup section */

/* Begin XCBuildConfiguration section */
		BFF7D4BB11417C480020F712 /* Debug */ = {
			isa = XCBuildConfiguration;
			buildSettings = {
				COPY_PHASE_STRIP = NO;
				GCC_DYNAMIC_NO_PIC = NO;
				GCC_OPTIMIZATION_LEVEL = 0;
				INSTALL_PATH = /Applications;
				README = Readme.pdf;
				TARGET_NAME = Applications;
			};
			name = Debug;
		};
		BFF7D4BC11417C480020F712 /* Release */ = {
			isa = XCBuildConfiguration;
			buildSettings = {
				COPY_PHASE_STRIP = YES;
				DEBUG_INFORMATION_FORMAT = "dwarf-with-dsym";
				GCC_ENABLE_FIX_AND_CONTINUE = NO;
				INSTALL_PATH = /Applications;
				README = Readme.pdf;
				TARGET_NAME = Applications;
				ZERO_LINK = NO;
			};
			name = Release;
		};
		C05733C808A9546B00998B17 /* Debug */ = {
			isa = XCBuildConfiguration;
			buildSettings = {
				ALWAYS_SEARCH_USER_PATHS = NO;
				ARCHS = "$(ARCHS_STANDARD_32_64_BIT)";
				COPY_PHASE_STRIP = NO;
				GCC_DYNAMIC_NO_PIC = NO;
				GCC_ENABLE_FIX_AND_CONTINUE = YES;
				GCC_MODEL_TUNING = G5;
				GCC_OPTIMIZATION_LEVEL = 0;
				GCC_PRECOMPILE_PREFIX_HEADER = YES;
				GCC_PREFIX_HEADER = Chain_Prefix.pch;
				INFOPLIST_FILE = Info.plist;
				INSTALL_PATH = "$(HOME)/Applications";
				PRODUCT_VERSION = "1.0β";
			};
			name = Debug;
		};
		C05733C908A9546B00998B17 /* Release */ = {
			isa = XCBuildConfiguration;
			buildSettings = {
				ALWAYS_SEARCH_USER_PATHS = NO;
				ARCHS = "$(ARCHS_STANDARD_32_64_BIT)";
				DEBUG_INFORMATION_FORMAT = "dwarf-with-dsym";
				GCC_MODEL_TUNING = G5;
				GCC_PRECOMPILE_PREFIX_HEADER = YES;
				GCC_PREFIX_HEADER = Chain_Prefix.pch;
				INFOPLIST_FILE = Info.plist;
				INSTALL_PATH = "$(HOME)/Applications";
				PRODUCT_VERSION = "1.0β";
			};
			name = Release;
		};
		C05733CC08A9546B00998B17 /* Debug */ = {
			isa = XCBuildConfiguration;
			buildSettings = {
				ARCHS = "$(ARCHS_STANDARD_32_BIT)";
				GCC_C_LANGUAGE_STANDARD = c99;
				GCC_OPTIMIZATION_LEVEL = 0;
				GCC_WARN_ABOUT_RETURN_TYPE = YES;
				GCC_WARN_UNUSED_VARIABLE = YES;
				ONLY_ACTIVE_ARCH = YES;
				PREBINDING = NO;
				PRODUCT_NAME = Chain;
				SDKROOT = macosx10.5;
				WRAPPER_EXTENSION = app;
			};
			name = Debug;
		};
		C05733CD08A9546B00998B17 /* Release */ = {
			isa = XCBuildConfiguration;
			buildSettings = {
				ARCHS = "$(ARCHS_STANDARD_32_BIT)";
				GCC_C_LANGUAGE_STANDARD = c99;
				GCC_WARN_ABOUT_RETURN_TYPE = YES;
				GCC_WARN_UNUSED_VARIABLE = YES;
				PREBINDING = NO;
				PRODUCT_NAME = Chain;
				SDKROOT = macosx10.5;
				WRAPPER_EXTENSION = app;
			};
			name = Release;
		};
/* End XCBuildConfiguration section */

/* Begin XCConfigurationList section */
		BFF7D4BF11417C7B0020F712 /* Build configuration list for PBXAggregateTarget "Disk Image" */ = {
			isa = XCConfigurationList;
			buildConfigurations = (
				BFF7D4BB11417C480020F712 /* Debug */,
				BFF7D4BC11417C480020F712 /* Release */,
			);
			defaultConfigurationIsVisible = 0;
			defaultConfigurationName = Release;
		};
		C05733C708A9546B00998B17 /* Build configuration list for PBXNativeTarget "Chain" */ = {
			isa = XCConfigurationList;
			buildConfigurations = (
				C05733C808A9546B00998B17 /* Debug */,
				C05733C908A9546B00998B17 /* Release */,
			);
			defaultConfigurationIsVisible = 0;
			defaultConfigurationName = Release;
		};
		C05733CB08A9546B00998B17 /* Build configuration list for PBXProject "Chain" */ = {
			isa = XCConfigurationList;
			buildConfigurations = (
				C05733CC08A9546B00998B17 /* Debug */,
				C05733CD08A9546B00998B17 /* Release */,
			);
			defaultConfigurationIsVisible = 0;
			defaultConfigurationName = Release;
		};
/* End XCConfigurationList section */
	};
	rootObject = 2A37F4A9FDCFA73011CA2CEA /* Project object */;
}
